
Microsoft Visual Studio Solution File, Format Version 12.00
# Visual Studio for Mac
Project("{FAE04EC0-301F-11D3-BF4B-00C04F79EFBC}") = "Assembly-CSharp", "Assembly-CSharp.csproj", "{6A279625-B14E-8D88-6D15-7FA385333D20}"
EndProject
Project("{FAE04EC0-301F-11D3-BF4B-00C04F79EFBC}") = "Assembly-CSharp-firstpass", "Assembly-CSharp-firstpass.csproj", "{F342D1D6-CBAC-C52D-51DD-6CF6844C5A60}"
EndProject
Project("{FAE04EC0-301F-11D3-BF4B-00C04F79EFBC}") = "Assembly-CSharp-Editor-firstpass", "Assembly-CSharp-Editor-firstpass.csproj", "{B1E1B999-B711-56D0-481C-94511C47C1D5}"
EndProject
Project("{FAE04EC0-301F-11D3-BF4B-00C04F79EFBC}") = "Assembly-CSharp-Editor", "Assembly-CSharp-Editor.csproj", "{9154A71A-5549-9E84-DD9A-CCBF0FF36DC3}"
EndProject
Global
	GlobalSection(SolutionConfigurationPlatforms) = preSolution
		Debug|Any CPU = Debug|Any CPU
		Release|Any CPU = Release|Any CPU
	EndGlobalSection
	GlobalSection(ProjectConfigurationPlatforms) = postSolution
		{6A279625-B14E-8D88-6D15-7FA385333D20}.Debug|Any CPU.ActiveCfg = Debug|Any CPU
		{6A279625-B14E-8D88-6D15-7FA385333D20}.Debug|Any CPU.Build.0 = Debug|Any CPU
		{6A279625-B14E-8D88-6D15-7FA385333D20}.Release|Any CPU.ActiveCfg = Release|Any CPU
		{6A279625-B14E-8D88-6D15-7FA385333D20}.Release|Any CPU.Build.0 = Release|Any CPU
		{F342D1D6-CBAC-C52D-51DD-6CF6844C5A60}.Debug|Any CPU.ActiveCfg = Debug|Any CPU
		{F342D1D6-CBAC-C52D-51DD-6CF6844C5A60}.Debug|Any CPU.Build.0 = Debug|Any CPU
		{F342D1D6-CBAC-C52D-51DD-6CF6844C5A60}.Release|Any CPU.ActiveCfg = Release|Any CPU
		{F342D1D6-CBAC-C52D-51DD-6CF6844C5A60}.Release|Any CPU.Build.0 = Release|Any CPU
		{B1E1B999-B711-56D0-481C-94511C47C1D5}.Debug|Any CPU.ActiveCfg = Debug|Any CPU
		{B1E1B999-B711-56D0-481C-94511C47C1D5}.Debug|Any CPU.Build.0 = Debug|Any CPU
		{B1E1B999-B711-56D0-481C-94511C47C1D5}.Release|Any CPU.ActiveCfg = Release|Any CPU
		{B1E1B999-B711-56D0-481C-94511C47C1D5}.Release|Any CPU.Build.0 = Release|Any CPU
		{9154A71A-5549-9E84-DD9A-CCBF0FF36DC3}.Debug|Any CPU.ActiveCfg = Debug|Any CPU
		{9154A71A-5549-9E84-DD9A-CCBF0FF36DC3}.Debug|Any CPU.Build.0 = Debug|Any CPU
		{9154A71A-5549-9E84-DD9A-CCBF0FF36DC3}.Release|Any CPU.ActiveCfg = Release|Any CPU
		{9154A71A-5549-9E84-DD9A-CCBF0FF36DC3}.Release|Any CPU.Build.0 = Release|Any CPU
	EndGlobalSection
	GlobalSection(SolutionProperties) = preSolution
		HideSolutionNode = FALSE
	EndGlobalSection
EndGlobal
